# This file is automatically @generated by Poetry 1.8.3 and should not be changed by hand.

[[package]]
name = "codetiming"
version = "1.4.0"
description = "A flexible, customizable timer for your Python code."
optional = false
python-versions = ">=3.6"
files = [
    {file = "codetiming-1.4.0-py3-none-any.whl", hash = "sha256:3b80f409bef00941a9755c5524071ce2f72eaa4520f4bc35b33869cde024ccbd"},
    {file = "codetiming-1.4.0.tar.gz", hash = "sha256:4937bf913a2814258b87eaaa43d9a1bb24711ffd3557a9ab6934fa1fe3ba0dbc"},
]

[package.extras]
dev = ["black", "bump2version", "flake8", "flit", "interrogate", "isort", "mypy"]
test = ["black", "interrogate", "pytest", "pytest-cov", "tox"]

[[package]]
name = "docopt"
version = "0.6.2"
description = "Pythonic argument parser, that will make you smile"
optional = false
python-versions = "*"
files = [
    {file = "docopt-0.6.2.tar.gz", hash = "sha256:49b3a825280bd66b3aa83585ef59c4a8c82f2c8a522dbe754a8bc8d08c85c491"},
]

[[package]]
name = "num2words"
version = "0.5.13"
description = "Modules to convert numbers to words. Easily extensible."
optional = false
python-versions = "*"
files = [
    {file = "num2words-0.5.13-py3-none-any.whl", hash = "sha256:39e662c663f0a7e15415431ea68eb3dc711b49e3b776d93403e1da0a219ca4ee"},
    {file = "num2words-0.5.13.tar.gz", hash = "sha256:a3064716fbbf90d75c449450cebfbc73a6a13e63b2531d09bdecc3ab1a2209cf"},
]

[package.dependencies]
docopt = ">=0.6.2"

[metadata]
lock-version = "2.0"
python-versions = "^3.10"
content-hash = "106b1ef4a86fc11e9636e0fa4afb0a5a790d2dc8a129720622108bfdd67debd5"
